
Microsoft Visual Studio Solution File, Format Version 12.00
# Visual Studio Version 17
VisualStudioVersion = 17.4.33205.214
MinimumVisualStudioVersion = 10.0.40219.1
Project("{FAE04EC0-301F-11D3-BF4B-00C04F79EFBC}") = "CurdFormUsingDataSet", "CurdFormUsingDataSet\CurdFormUsingDataSet.csproj", "{6BDCBDB3-0673-4AC7-A28B-9D1C333D4271}"
EndProject
Global
	GlobalSection(SolutionConfigurationPlatforms) = preSolution
		Debug|Any CPU = Debug|Any CPU
		Release|Any CPU = Release|Any CPU
	EndGlobalSection
	GlobalSection(ProjectConfigurationPlatforms) = postSolution
		{6BDCBDB3-0673-4AC7-A28B-9D1C333D4271}.Debug|Any CPU.ActiveCfg = Debug|Any CPU
		{6BDCBDB3-0673-4AC7-A28B-9D1C333D4271}.Debug|Any CPU.Build.0 = Debug|Any CPU
		{6BDCBDB3-0673-4AC7-A28B-9D1C333D4271}.Release|Any CPU.ActiveCfg = Release|Any CPU
		{6BDCBDB3-0673-4AC7-A28B-9D1C333D4271}.Release|Any CPU.Build.0 = Release|Any CPU
	EndGlobalSection
	GlobalSection(SolutionProperties) = preSolution
		HideSolutionNode = FALSE
	EndGlobalSection
	GlobalSection(ExtensibilityGlobals) = postSolution
		SolutionGuid = {2C3634BD-E9BB-47A6-B9B0-4A6BB46BA2BC}
	EndGlobalSection
EndGlobal
